
Microsoft Visual Studio Solution File, Format Version 12.00
# Visual Studio Version 16
VisualStudioVersion = 16.0.30204.135
MinimumVisualStudioVersion = 10.0.40219.1
Project("{FAE04EC0-301F-11D3-BF4B-00C04F79EFBC}") = "Phone", "Phone.csproj", "{7FFED606-6A50-48F8-8A27-122061514FB6}"
EndProject
Global
	GlobalSection(SolutionConfigurationPlatforms) = preSolution
		Debug|Any CPU = Debug|Any CPU
		Release|Any CPU = Release|Any CPU
	EndGlobalSection
	GlobalSection(ProjectConfigurationPlatforms) = postSolution
		{7FFED606-6A50-48F8-8A27-122061514FB6}.Debug|Any CPU.ActiveCfg = Debug|Any CPU
		{7FFED606-6A50-48F8-8A27-122061514FB6}.Debug|Any CPU.Build.0 = Debug|Any CPU
		{7FFED606-6A50-48F8-8A27-122061514FB6}.Release|Any CPU.ActiveCfg = Release|Any CPU
		{7FFED606-6A50-48F8-8A27-122061514FB6}.Release|Any CPU.Build.0 = Release|Any CPU
	EndGlobalSection
	GlobalSection(SolutionProperties) = preSolution
		HideSolutionNode = FALSE
	EndGlobalSection
	GlobalSection(ExtensibilityGlobals) = postSolution
		SolutionGuid = {3B74A5F0-A7A2-4464-B2C0-259C4B73102B}
	EndGlobalSection
EndGlobal
